# This file is automatically @generated by Cargo.
# It is not intended for manual editing.
[[package]]
name = "apprunner"
version = "0.1.0"
dependencies = [
 "c",
 "lstd",
 "tortuga",
]

[[package]]
name = "c"
version = "0.1.0"

[[package]]
name = "lstd"
version = "0.1.0"
dependencies = [
 "c",
]

[[package]]
name = "tortuga"
version = "0.1.0"
dependencies = [
 "lstd",
]
