# This file is automatically @generated by Cargo.
# It is not intended for manual editing.
[[package]]
name = "apprunner"
version = "0.1.0"
dependencies = [
 "c",
 "lstd",
 "tortuga",
]

[[package]]
name = "c"
version = "0.1.0"

[[package]]
name = "dl"
version = "0.1.0"
dependencies = [
 "c",
 "lstd",
]

[[package]]
name = "lstd"
version = "0.1.0"
dependencies = [
 "c",
]

[[package]]
name = "tortuga"
version = "0.1.0"
dependencies = [
 "c",
 "dl",
 "lstd",
 "vulkan_h",
 "xcb_h",
]

[[package]]
name = "vulkan_h"
version = "0.1.0"
dependencies = [
 "c",
]

[[package]]
name = "xcb_h"
version = "0.1.0"
dependencies = [
 "c",
]
